
Microsoft Visual Studio Solution File, Format Version 12.00
# Visual Studio Version 17
VisualStudioVersion = 17.13.35919.96 d17.13
MinimumVisualStudioVersion = 10.0.40219.1
Project("{FAE04EC0-301F-11D3-BF4B-00C04F79EFBC}") = "SistemaContraIncendios", "SistemaContraIncendios\SistemaContraIncendios.csproj", "{BA27BEF5-FC2E-45A9-B470-66B60B8818E4}"
EndProject
Global
	GlobalSection(SolutionConfigurationPlatforms) = preSolution
		Debug|Any CPU = Debug|Any CPU
		Release|Any CPU = Release|Any CPU
	EndGlobalSection
	GlobalSection(ProjectConfigurationPlatforms) = postSolution
		{BA27BEF5-FC2E-45A9-B470-66B60B8818E4}.Debug|Any CPU.ActiveCfg = Debug|Any CPU
		{BA27BEF5-FC2E-45A9-B470-66B60B8818E4}.Debug|Any CPU.Build.0 = Debug|Any CPU
		{BA27BEF5-FC2E-45A9-B470-66B60B8818E4}.Release|Any CPU.ActiveCfg = Release|Any CPU
		{BA27BEF5-FC2E-45A9-B470-66B60B8818E4}.Release|Any CPU.Build.0 = Release|Any CPU
	EndGlobalSection
	GlobalSection(SolutionProperties) = preSolution
		HideSolutionNode = FALSE
	EndGlobalSection
	GlobalSection(ExtensibilityGlobals) = postSolution
		SolutionGuid = {125EF7BD-2365-45AF-88E5-D2D687444F4B}
	EndGlobalSection
EndGlobal
